<?xml version="1.0" encoding="utf-8"?>
<Project ToolsVersion="4.0" xmlns="http://schemas.microsoft.com/developer/msbuild/2003">
  <ItemGroup>
    <Filter Include="Source Files">
      <UniqueIdentifier>{b69b8589-0fbf-43ae-86d9-1391b0b8e55a}</UniqueIdentifier>
      <Extensions>cpp;c;cxx;rc;def;r;odl;idl;hpj;bat</Extensions>
    </Filter>
    <Filter Include="Header Files">
      <UniqueIdentifier>{dfdab687-feb7-4629-b64d-ac51ba8f4ef1}</UniqueIdentifier>
      <Extensions>h;hpp;hxx;hm;inl</Extensions>
    </Filter>
    <Filter Include="Resource Files">
      <UniqueIdentifier>{dab71d91-dc44-47a8-8f2e-4f4d9bea5746}</UniqueIdentifier>
      <Extensions>ico;cur;bmp;dlg;rc2;rct;bin;rgs;gif;jpg;jpeg;jpe</Extensions>
    </Filter>
  </ItemGroup>
  <ItemGroup>
    <ClCompile Include="Ampl.cpp">
      <Filter>Source Files</Filter>
    </ClCompile>
    <ClCompile Include="AtomParams.cpp">
      <Filter>Source Files</Filter>
    </ClCompile>
    <ClCompile Include="AtomsArray.cpp">
      <Filter>Source Files</Filter>
    </ClCompile>
    <ClCompile Include="blt.cpp">
      <Filter>Source Files</Filter>
    </ClCompile>
    <ClCompile Include="ChildFrm.cpp">
      <Filter>Source Files</Filter>
    </ClCompile>
    <ClCompile Include="ChildView.cpp">
      <Filter>Source Files</Filter>
    </ClCompile>
    <ClCompile Include="DialogAniz.cpp">
      <Filter>Source Files</Filter>
    </ClCompile>
    <ClCompile Include="DialogAtoms.cpp">
      <Filter>Source Files</Filter>
    </ClCompile>
    <ClCompile Include="DialogChess.cpp">
      <Filter>Source Files</Filter>
    </ClCompile>
    <ClCompile Include="DialogCircle.cpp">
      <Filter>Source Files</Filter>
    </ClCompile>
    <ClCompile Include="DialogConstanta.cpp">
      <Filter>Source Files</Filter>
    </ClCompile>
    <ClCompile Include="DialogDefokus.cpp">
      <Filter>Source Files</Filter>
    </ClCompile>
    <ClCompile Include="DialogEx.cpp">
      <Filter>Source Files</Filter>
    </ClCompile>
    <ClCompile Include="DialogFractal.cpp">
      <Filter>Source Files</Filter>
    </ClCompile>
    <ClCompile Include="DialogInfo.cpp">
      <Filter>Source Files</Filter>
    </ClCompile>
    <ClCompile Include="DialogKlin.cpp">
      <Filter>Source Files</Filter>
    </ClCompile>
    <ClCompile Include="DialogKvazi.cpp">
      <Filter>Source Files</Filter>
    </ClCompile>
    <ClCompile Include="DialogKvazi2.cpp">
      <Filter>Source Files</Filter>
    </ClCompile>
    <ClCompile Include="DialogNameL2DB.cpp">
      <Filter>Source Files</Filter>
    </ClCompile>
    <ClCompile Include="DialogNoise.cpp">
      <Filter>Source Files</Filter>
    </ClCompile>
    <ClCompile Include="DialogObob.cpp">
      <Filter>Source Files</Filter>
    </ClCompile>
    <ClCompile Include="DialogPath.cpp">
      <Filter>Source Files</Filter>
    </ClCompile>
    <ClCompile Include="DialogRect.cpp">
      <Filter>Source Files</Filter>
    </ClCompile>
    <ClCompile Include="DialogSP2Type.cpp">
      <Filter>Source Files</Filter>
    </ClCompile>
    <ClCompile Include="DialogTurbo.cpp">
      <Filter>Source Files</Filter>
    </ClCompile>
    <ClCompile Include="DialogWave.cpp">
      <Filter>Source Files</Filter>
    </ClCompile>
    <ClCompile Include="Dib.cpp">
      <Filter>Source Files</Filter>
    </ClCompile>
    <ClCompile Include="fparams.cpp">
      <Filter>Source Files</Filter>
    </ClCompile>
    <ClCompile Include="LatDlg.cpp">
      <Filter>Source Files</Filter>
    </ClCompile>
    <ClCompile Include="LatGen.cpp">
      <Filter>Source Files</Filter>
    </ClCompile>
    <ClCompile Include="LatProgr.cpp">
      <Filter>Source Files</Filter>
    </ClCompile>
    <ClCompile Include="Layers32.cpp">
      <Filter>Source Files</Filter>
    </ClCompile>
    <ClCompile Include="MainFrm.cpp">
      <Filter>Source Files</Filter>
    </ClCompile>
    <ClCompile Include="mend.cpp">
      <Filter>Source Files</Filter>
    </ClCompile>
    <ClCompile Include="ModelFrame.cpp">
      <Filter>Source Files</Filter>
    </ClCompile>
    <ClCompile Include="ModelFrameLayers.cpp">
      <Filter>Source Files</Filter>
    </ClCompile>
    <ClCompile Include="MyStatic.cpp">
      <Filter>Source Files</Filter>
    </ClCompile>
    <ClCompile Include="ObjectFrame.cpp">
      <Filter>Source Files</Filter>
    </ClCompile>
    <ClCompile Include="ObjectFrameCernic.cpp">
      <Filter>Source Files</Filter>
    </ClCompile>
    <ClCompile Include="ObjectFrameDefokus.cpp">
      <Filter>Source Files</Filter>
    </ClCompile>
    <ClCompile Include="SpectrumFrame.cpp">
      <Filter>Source Files</Filter>
    </ClCompile>
    <ClCompile Include="SpectrumFrameLayers.cpp">
      <Filter>Source Files</Filter>
    </ClCompile>
    <ClCompile Include="StdAfx.cpp">
      <Filter>Source Files</Filter>
    </ClCompile>
  </ItemGroup>
  <ItemGroup>
    <ResourceCompile Include="Layers32.rc">
      <Filter>Source Files</Filter>
    </ResourceCompile>
  </ItemGroup>
  <ItemGroup>
    <ClInclude Include="Ampl.h">
      <Filter>Header Files</Filter>
    </ClInclude>
    <ClInclude Include="AtomParams.h">
      <Filter>Header Files</Filter>
    </ClInclude>
    <ClInclude Include="AtomsArray.h">
      <Filter>Header Files</Filter>
    </ClInclude>
    <ClInclude Include="blt.h">
      <Filter>Header Files</Filter>
    </ClInclude>
    <ClInclude Include="ChildFrm.h">
      <Filter>Header Files</Filter>
    </ClInclude>
    <ClInclude Include="ChildView.h">
      <Filter>Header Files</Filter>
    </ClInclude>
    <ClInclude Include="DialogAniz.h">
      <Filter>Header Files</Filter>
    </ClInclude>
    <ClInclude Include="DialogAtoms.h">
      <Filter>Header Files</Filter>
    </ClInclude>
    <ClInclude Include="DialogChess.h">
      <Filter>Header Files</Filter>
    </ClInclude>
    <ClInclude Include="DialogCircle.h">
      <Filter>Header Files</Filter>
    </ClInclude>
    <ClInclude Include="DialogConstanta.h">
      <Filter>Header Files</Filter>
    </ClInclude>
    <ClInclude Include="DialogDefokus.h">
      <Filter>Header Files</Filter>
    </ClInclude>
    <ClInclude Include="DialogEx.h">
      <Filter>Header Files</Filter>
    </ClInclude>
    <ClInclude Include="DialogFractal.h">
      <Filter>Header Files</Filter>
    </ClInclude>
    <ClInclude Include="DialogInfo.h">
      <Filter>Header Files</Filter>
    </ClInclude>
    <ClInclude Include="DialogKlin.h">
      <Filter>Header Files</Filter>
    </ClInclude>
    <ClInclude Include="DialogKvazi.h">
      <Filter>Header Files</Filter>
    </ClInclude>
    <ClInclude Include="DialogKvazi2.h">
      <Filter>Header Files</Filter>
    </ClInclude>
    <ClInclude Include="DialogNameL2DB.h">
      <Filter>Header Files</Filter>
    </ClInclude>
    <ClInclude Include="DialogNoise.h">
      <Filter>Header Files</Filter>
    </ClInclude>
    <ClInclude Include="DialogObob.h">
      <Filter>Header Files</Filter>
    </ClInclude>
    <ClInclude Include="DialogPath.h">
      <Filter>Header Files</Filter>
    </ClInclude>
    <ClInclude Include="DialogRect.h">
      <Filter>Header Files</Filter>
    </ClInclude>
    <ClInclude Include="DialogSP2Type.h">
      <Filter>Header Files</Filter>
    </ClInclude>
    <ClInclude Include="DialogTurbo.h">
      <Filter>Header Files</Filter>
    </ClInclude>
    <ClInclude Include="DialogWave.h">
      <Filter>Header Files</Filter>
    </ClInclude>
    <ClInclude Include="Dib.h">
      <Filter>Header Files</Filter>
    </ClInclude>
    <ClInclude Include="fparams.h">
      <Filter>Header Files</Filter>
    </ClInclude>
    <ClInclude Include="htmlhelp.h">
      <Filter>Header Files</Filter>
    </ClInclude>
    <ClInclude Include="Interfaces.h">
      <Filter>Header Files</Filter>
    </ClInclude>
    <ClInclude Include="LatDlg.h">
      <Filter>Header Files</Filter>
    </ClInclude>
    <ClInclude Include="LatGen.h">
      <Filter>Header Files</Filter>
    </ClInclude>
    <ClInclude Include="LatProgr.h">
      <Filter>Header Files</Filter>
    </ClInclude>
    <ClInclude Include="Layers32.h">
      <Filter>Header Files</Filter>
    </ClInclude>
    <ClInclude Include="MainFrm.h">
      <Filter>Header Files</Filter>
    </ClInclude>
    <ClInclude Include="mend.h">
      <Filter>Header Files</Filter>
    </ClInclude>
    <ClInclude Include="ModelFrame.h">
      <Filter>Header Files</Filter>
    </ClInclude>
    <ClInclude Include="ModelFrameLayers.h">
      <Filter>Header Files</Filter>
    </ClInclude>
    <ClInclude Include="MyImage.h">
      <Filter>Header Files</Filter>
    </ClInclude>
    <ClInclude Include="MyStatic.h">
      <Filter>Header Files</Filter>
    </ClInclude>
    <ClInclude Include="ObjectFrame.h">
      <Filter>Header Files</Filter>
    </ClInclude>
    <ClInclude Include="ObjectFrameCernic.h">
      <Filter>Header Files</Filter>
    </ClInclude>
    <ClInclude Include="ObjectFrameDefokus.h">
      <Filter>Header Files</Filter>
    </ClInclude>
    <ClInclude Include="other.h">
      <Filter>Header Files</Filter>
    </ClInclude>
    <ClInclude Include="Resource.h">
      <Filter>Header Files</Filter>
    </ClInclude>
    <ClInclude Include="SpectrumFrame.h">
      <Filter>Header Files</Filter>
    </ClInclude>
    <ClInclude Include="SpectrumFrameLayers.h">
      <Filter>Header Files</Filter>
    </ClInclude>
    <ClInclude Include="StdAfx.h">
      <Filter>Header Files</Filter>
    </ClInclude>
  </ItemGroup>
  <ItemGroup>
    <Image Include="bitmap1.bmp">
      <Filter>Resource Files</Filter>
    </Image>
    <Image Include="res\bitmap1.bmp">
      <Filter>Resource Files</Filter>
    </Image>
    <Image Include="bmp00001.bmp">
      <Filter>Resource Files</Filter>
    </Image>
    <Image Include="res\bmp00001.bmp">
      <Filter>Resource Files</Filter>
    </Image>
    <Image Include="bmp00002.bmp">
      <Filter>Resource Files</Filter>
    </Image>
    <Image Include="res\bmp00002.bmp">
      <Filter>Resource Files</Filter>
    </Image>
    <Image Include="bmp00003.bmp">
      <Filter>Resource Files</Filter>
    </Image>
    <Image Include="res\bmp00003.bmp">
      <Filter>Resource Files</Filter>
    </Image>
    <Image Include="bmp00004.bmp">
      <Filter>Resource Files</Filter>
    </Image>
    <Image Include="res\bmp00004.bmp">
      <Filter>Resource Files</Filter>
    </Image>
    <Image Include="bmp00005.bmp">
      <Filter>Resource Files</Filter>
    </Image>
    <Image Include="res\bmp00005.bmp">
      <Filter>Resource Files</Filter>
    </Image>
    <Image Include="bmp00006.bmp">
      <Filter>Resource Files</Filter>
    </Image>
    <Image Include="res\bmp00006.bmp">
      <Filter>Resource Files</Filter>
    </Image>
    <Image Include="bmp00007.bmp">
      <Filter>Resource Files</Filter>
    </Image>
    <Image Include="bmp00008.bmp">
      <Filter>Resource Files</Filter>
    </Image>
    <Image Include="bmp00009.bmp">
      <Filter>Resource Files</Filter>
    </Image>
    <Image Include="bmp00010.bmp">
      <Filter>Resource Files</Filter>
    </Image>
    <Image Include="bmp00011.bmp">
      <Filter>Resource Files</Filter>
    </Image>
    <Image Include="bmp00012.bmp">
      <Filter>Resource Files</Filter>
    </Image>
    <Image Include="bmp00013.bmp">
      <Filter>Resource Files</Filter>
    </Image>
    <Image Include="bmp00014.bmp">
      <Filter>Resource Files</Filter>
    </Image>
    <Image Include="bmp00015.bmp">
      <Filter>Resource Files</Filter>
    </Image>
    <Image Include="bmp00016.bmp">
      <Filter>Resource Files</Filter>
    </Image>
    <Image Include="bmp00017.bmp">
      <Filter>Resource Files</Filter>
    </Image>
    <Image Include="bmp00018.bmp">
      <Filter>Resource Files</Filter>
    </Image>
    <Image Include="bmp00019.bmp">
      <Filter>Resource Files</Filter>
    </Image>
    <Image Include="bmp00020.bmp">
      <Filter>Resource Files</Filter>
    </Image>
    <Image Include="res\bmp_a3.bmp">
      <Filter>Resource Files</Filter>
    </Image>
    <Image Include="res\bmp_form.bmp">
      <Filter>Resource Files</Filter>
    </Image>
    <Image Include="res\icon1.ico">
      <Filter>Resource Files</Filter>
    </Image>
    <Image Include="res\Layers32.ico">
      <Filter>Resource Files</Filter>
    </Image>
    <Image Include="res\Toolbar.bmp">
      <Filter>Resource Files</Filter>
    </Image>
  </ItemGroup>
  <ItemGroup>
    <Text Include="comments.txt" />
    <Text Include="ReadMe.txt" />
  </ItemGroup>
  <ItemGroup>
    <CustomBuild Include="res\Layers32.rc2">
      <Filter>Resource Files</Filter>
    </CustomBuild>
  </ItemGroup>
</Project>