Microsoft Visual Studio Solution File, Format Version 12.00
# Visual Studio 2012
Project("{FAE04EC0-301F-11D3-BF4B-00C04F79EFBC}") = "MusliConsole", "MusliConsole.csproj", "{E09208F4-FC87-444C-92FA-232385EA9FFE}"
	ProjectSection(ProjectDependencies) = postProject
		{BB6B6313-C742-423E-9E41-4295D7A8D9E7} = {BB6B6313-C742-423E-9E41-4295D7A8D9E7}
	EndProjectSection
EndProject
Project("{8BC9CEB8-8B4A-11D0-8D11-00A0C91BC942}") = "Muslib", "Muslib\Muslib.vcxproj", "{BB6B6313-C742-423E-9E41-4295D7A8D9E7}"
EndProject
Global
	GlobalSection(SolutionConfigurationPlatforms) = preSolution
		Debug|Any CPU = Debug|Any CPU
		Debug|Mixed Platforms = Debug|Mixed Platforms
		Debug|Win32 = Debug|Win32
		Debug|x64 = Debug|x64
		Debug|x86 = Debug|x86
		Release|Any CPU = Release|Any CPU
		Release|Mixed Platforms = Release|Mixed Platforms
		Release|Win32 = Release|Win32
		Release|x64 = Release|x64
		Release|x86 = Release|x86
	EndGlobalSection
	GlobalSection(ProjectConfigurationPlatforms) = postSolution
		{E09208F4-FC87-444C-92FA-232385EA9FFE}.Debug|Any CPU.ActiveCfg = Debug|Any CPU
		{E09208F4-FC87-444C-92FA-232385EA9FFE}.Debug|Any CPU.Build.0 = Debug|Any CPU
		{E09208F4-FC87-444C-92FA-232385EA9FFE}.Debug|Mixed Platforms.ActiveCfg = Debug|Any CPU
		{E09208F4-FC87-444C-92FA-232385EA9FFE}.Debug|Mixed Platforms.Build.0 = Debug|Any CPU
		{E09208F4-FC87-444C-92FA-232385EA9FFE}.Debug|Win32.ActiveCfg = Debug|x86
		{E09208F4-FC87-444C-92FA-232385EA9FFE}.Debug|Win32.Build.0 = Debug|x86
		{E09208F4-FC87-444C-92FA-232385EA9FFE}.Debug|x64.ActiveCfg = Debug|x64
		{E09208F4-FC87-444C-92FA-232385EA9FFE}.Debug|x64.Build.0 = Debug|x64
		{E09208F4-FC87-444C-92FA-232385EA9FFE}.Debug|x86.ActiveCfg = Debug|x86
		{E09208F4-FC87-444C-92FA-232385EA9FFE}.Debug|x86.Build.0 = Debug|x86
		{E09208F4-FC87-444C-92FA-232385EA9FFE}.Release|Any CPU.ActiveCfg = Release|Any CPU
		{E09208F4-FC87-444C-92FA-232385EA9FFE}.Release|Any CPU.Build.0 = Release|Any CPU
		{E09208F4-FC87-444C-92FA-232385EA9FFE}.Release|Mixed Platforms.ActiveCfg = Release|Any CPU
		{E09208F4-FC87-444C-92FA-232385EA9FFE}.Release|Mixed Platforms.Build.0 = Release|Any CPU
		{E09208F4-FC87-444C-92FA-232385EA9FFE}.Release|Win32.ActiveCfg = Release|Any CPU
		{E09208F4-FC87-444C-92FA-232385EA9FFE}.Release|x64.ActiveCfg = Release|x64
		{E09208F4-FC87-444C-92FA-232385EA9FFE}.Release|x64.Build.0 = Release|x64
		{E09208F4-FC87-444C-92FA-232385EA9FFE}.Release|x86.ActiveCfg = Release|x86
		{E09208F4-FC87-444C-92FA-232385EA9FFE}.Release|x86.Build.0 = Release|x86
		{BB6B6313-C742-423E-9E41-4295D7A8D9E7}.Debug|Any CPU.ActiveCfg = Debug|Win32
		{BB6B6313-C742-423E-9E41-4295D7A8D9E7}.Debug|Mixed Platforms.ActiveCfg = Release|Win32
		{BB6B6313-C742-423E-9E41-4295D7A8D9E7}.Debug|Mixed Platforms.Build.0 = Release|Win32
		{BB6B6313-C742-423E-9E41-4295D7A8D9E7}.Debug|Win32.ActiveCfg = Debug|Win32
		{BB6B6313-C742-423E-9E41-4295D7A8D9E7}.Debug|Win32.Build.0 = Debug|Win32
		{BB6B6313-C742-423E-9E41-4295D7A8D9E7}.Debug|x64.ActiveCfg = Debug|x64
		{BB6B6313-C742-423E-9E41-4295D7A8D9E7}.Debug|x64.Build.0 = Debug|x64
		{BB6B6313-C742-423E-9E41-4295D7A8D9E7}.Debug|x86.ActiveCfg = Debug|Win32
		{BB6B6313-C742-423E-9E41-4295D7A8D9E7}.Debug|x86.Build.0 = Debug|Win32
		{BB6B6313-C742-423E-9E41-4295D7A8D9E7}.Release|Any CPU.ActiveCfg = Release|Win32
		{BB6B6313-C742-423E-9E41-4295D7A8D9E7}.Release|Mixed Platforms.ActiveCfg = Release|Win32
		{BB6B6313-C742-423E-9E41-4295D7A8D9E7}.Release|Mixed Platforms.Build.0 = Release|Win32
		{BB6B6313-C742-423E-9E41-4295D7A8D9E7}.Release|Win32.ActiveCfg = Release|Win32
		{BB6B6313-C742-423E-9E41-4295D7A8D9E7}.Release|Win32.Build.0 = Release|Win32
		{BB6B6313-C742-423E-9E41-4295D7A8D9E7}.Release|x64.ActiveCfg = Release|x64
		{BB6B6313-C742-423E-9E41-4295D7A8D9E7}.Release|x64.Build.0 = Release|x64
		{BB6B6313-C742-423E-9E41-4295D7A8D9E7}.Release|x86.ActiveCfg = Release|x64
	EndGlobalSection
	GlobalSection(SolutionProperties) = preSolution
		HideSolutionNode = FALSE
	EndGlobalSection
EndGlobal
